
Microsoft Visual Studio Solution File, Format Version 12.00
# Visual Studio Version 17
VisualStudioVersion = 17.0.32112.339
MinimumVisualStudioVersion = 10.0.40219.1
Project("{9A19103F-16F7-4668-BE54-9A1E7A4F7556}") = "RegistrationWizard", "RegistrationWizard\RegistrationWizard.csproj", "{9F5D4106-FA63-4097-B181-FFF41CCF2A1E}"
EndProject
Project("{9A19103F-16F7-4668-BE54-9A1E7A4F7556}") = "RegistrationWizard.Dal", "RegistrationWizard.Dal\RegistrationWizard.Dal.csproj", "{56A11C8F-30EB-4ABE-B75E-B6221501DFC0}"
EndProject
Project("{9A19103F-16F7-4668-BE54-9A1E7A4F7556}") = "RegistrationWizard.Core.Dal", "RegistrationWizard.Core.Dal\RegistrationWizard.Core.Dal.csproj", "{36E805CD-660E-4F6B-B70C-FF763080F156}"
EndProject
Project("{9A19103F-16F7-4668-BE54-9A1E7A4F7556}") = "RegistrationWizard.Common", "RegistrationWizard.Common\RegistrationWizard.Common.csproj", "{BC92C0A1-B409-4BA0-8AD3-0E6F34A624E0}"
EndProject
Project("{9A19103F-16F7-4668-BE54-9A1E7A4F7556}") = "RegistrationWizard.Core.Logging", "RegistrationWizard.Core.Logging\RegistrationWizard.Core.Logging.csproj", "{9326E583-E9D3-4982-BB34-5CAF213B5315}"
EndProject
Project("{FAE04EC0-301F-11D3-BF4B-00C04F79EFBC}") = "RegistrationWizard.WebApi.Common", "RegistrationWizard.WebApi.Common\RegistrationWizard.WebApi.Common.csproj", "{516F5876-BB55-462E-B9FC-3AF939B3D597}"
EndProject
Global
	GlobalSection(SolutionConfigurationPlatforms) = preSolution
		Debug|Any CPU = Debug|Any CPU
		Release|Any CPU = Release|Any CPU
	EndGlobalSection
	GlobalSection(ProjectConfigurationPlatforms) = postSolution
		{9F5D4106-FA63-4097-B181-FFF41CCF2A1E}.Debug|Any CPU.ActiveCfg = Debug|Any CPU
		{9F5D4106-FA63-4097-B181-FFF41CCF2A1E}.Debug|Any CPU.Build.0 = Debug|Any CPU
		{9F5D4106-FA63-4097-B181-FFF41CCF2A1E}.Release|Any CPU.ActiveCfg = Release|Any CPU
		{9F5D4106-FA63-4097-B181-FFF41CCF2A1E}.Release|Any CPU.Build.0 = Release|Any CPU
		{56A11C8F-30EB-4ABE-B75E-B6221501DFC0}.Debug|Any CPU.ActiveCfg = Debug|Any CPU
		{56A11C8F-30EB-4ABE-B75E-B6221501DFC0}.Debug|Any CPU.Build.0 = Debug|Any CPU
		{56A11C8F-30EB-4ABE-B75E-B6221501DFC0}.Release|Any CPU.ActiveCfg = Release|Any CPU
		{56A11C8F-30EB-4ABE-B75E-B6221501DFC0}.Release|Any CPU.Build.0 = Release|Any CPU
		{36E805CD-660E-4F6B-B70C-FF763080F156}.Debug|Any CPU.ActiveCfg = Debug|Any CPU
		{36E805CD-660E-4F6B-B70C-FF763080F156}.Debug|Any CPU.Build.0 = Debug|Any CPU
		{36E805CD-660E-4F6B-B70C-FF763080F156}.Release|Any CPU.ActiveCfg = Release|Any CPU
		{36E805CD-660E-4F6B-B70C-FF763080F156}.Release|Any CPU.Build.0 = Release|Any CPU
		{BC92C0A1-B409-4BA0-8AD3-0E6F34A624E0}.Debug|Any CPU.ActiveCfg = Debug|Any CPU
		{BC92C0A1-B409-4BA0-8AD3-0E6F34A624E0}.Debug|Any CPU.Build.0 = Debug|Any CPU
		{BC92C0A1-B409-4BA0-8AD3-0E6F34A624E0}.Release|Any CPU.ActiveCfg = Release|Any CPU
		{BC92C0A1-B409-4BA0-8AD3-0E6F34A624E0}.Release|Any CPU.Build.0 = Release|Any CPU
		{9326E583-E9D3-4982-BB34-5CAF213B5315}.Debug|Any CPU.ActiveCfg = Debug|Any CPU
		{9326E583-E9D3-4982-BB34-5CAF213B5315}.Debug|Any CPU.Build.0 = Debug|Any CPU
		{9326E583-E9D3-4982-BB34-5CAF213B5315}.Release|Any CPU.ActiveCfg = Release|Any CPU
		{9326E583-E9D3-4982-BB34-5CAF213B5315}.Release|Any CPU.Build.0 = Release|Any CPU
		{516F5876-BB55-462E-B9FC-3AF939B3D597}.Debug|Any CPU.ActiveCfg = Debug|Any CPU
		{516F5876-BB55-462E-B9FC-3AF939B3D597}.Debug|Any CPU.Build.0 = Debug|Any CPU
		{516F5876-BB55-462E-B9FC-3AF939B3D597}.Release|Any CPU.ActiveCfg = Release|Any CPU
		{516F5876-BB55-462E-B9FC-3AF939B3D597}.Release|Any CPU.Build.0 = Release|Any CPU
	EndGlobalSection
	GlobalSection(SolutionProperties) = preSolution
		HideSolutionNode = FALSE
	EndGlobalSection
	GlobalSection(ExtensibilityGlobals) = postSolution
		SolutionGuid = {A39B375A-9D37-4702-9D5B-A13A80518421}
	EndGlobalSection
EndGlobal
